
Microsoft Visual Studio Solution File, Format Version 12.00
# Visual Studio 2012
Project("{FAE04EC0-301F-11D3-BF4B-00C04F79EFBC}") = "Products)managment", "Products)managment\Products)managment.csproj", "{97FEE50E-CA51-4224-8F3E-4AADF82E17FD}"
EndProject
Global
	GlobalSection(SolutionConfigurationPlatforms) = preSolution
		Debug|Any CPU = Debug|Any CPU
		Release|Any CPU = Release|Any CPU
	EndGlobalSection
	GlobalSection(ProjectConfigurationPlatforms) = postSolution
		{97FEE50E-CA51-4224-8F3E-4AADF82E17FD}.Debug|Any CPU.ActiveCfg = Debug|Any CPU
		{97FEE50E-CA51-4224-8F3E-4AADF82E17FD}.Debug|Any CPU.Build.0 = Debug|Any CPU
		{97FEE50E-CA51-4224-8F3E-4AADF82E17FD}.Release|Any CPU.ActiveCfg = Release|Any CPU
		{97FEE50E-CA51-4224-8F3E-4AADF82E17FD}.Release|Any CPU.Build.0 = Release|Any CPU
	EndGlobalSection
	GlobalSection(SolutionProperties) = preSolution
		HideSolutionNode = FALSE
	EndGlobalSection
EndGlobal
